
Microsoft Visual Studio Solution File, Format Version 12.00
# Visual Studio Version 16
VisualStudioVersion = 16.0.31911.196
MinimumVisualStudioVersion = 10.0.40219.1
Project("{FAE04EC0-301F-11D3-BF4B-00C04F79EFBC}") = "01. Reverse Strings", "01. Reverse Strings\01. Reverse Strings.csproj", "{F7CE7E80-787F-4DAC-97AF-89281A209B3F}"
EndProject
Project("{FAE04EC0-301F-11D3-BF4B-00C04F79EFBC}") = "02. Repeat Strings", "02. Repeat Strings\02. Repeat Strings.csproj", "{0C29FB8D-5F2E-4AC4-811E-47F55B5ED49A}"
EndProject
Project("{FAE04EC0-301F-11D3-BF4B-00C04F79EFBC}") = "03. Substring", "03. Substring\03. Substring.csproj", "{C7BB3B02-7EA1-45F6-A878-3BD62D65FEDD}"
EndProject
Project("{FAE04EC0-301F-11D3-BF4B-00C04F79EFBC}") = "04. Text Filter", "04. Text Filter\04. Text Filter.csproj", "{9BB0E7AD-F624-4870-B0B2-398DBF973D6B}"
EndProject
Project("{FAE04EC0-301F-11D3-BF4B-00C04F79EFBC}") = "05. Digits, Letters and Other", "05. Digits, Letters and Other\05. Digits, Letters and Other.csproj", "{5F799CE6-F541-437A-AF7A-F58666E8EF3E}"
EndProject
Global
	GlobalSection(SolutionConfigurationPlatforms) = preSolution
		Debug|Any CPU = Debug|Any CPU
		Release|Any CPU = Release|Any CPU
	EndGlobalSection
	GlobalSection(ProjectConfigurationPlatforms) = postSolution
		{F7CE7E80-787F-4DAC-97AF-89281A209B3F}.Debug|Any CPU.ActiveCfg = Debug|Any CPU
		{F7CE7E80-787F-4DAC-97AF-89281A209B3F}.Debug|Any CPU.Build.0 = Debug|Any CPU
		{F7CE7E80-787F-4DAC-97AF-89281A209B3F}.Release|Any CPU.ActiveCfg = Release|Any CPU
		{F7CE7E80-787F-4DAC-97AF-89281A209B3F}.Release|Any CPU.Build.0 = Release|Any CPU
		{0C29FB8D-5F2E-4AC4-811E-47F55B5ED49A}.Debug|Any CPU.ActiveCfg = Debug|Any CPU
		{0C29FB8D-5F2E-4AC4-811E-47F55B5ED49A}.Debug|Any CPU.Build.0 = Debug|Any CPU
		{0C29FB8D-5F2E-4AC4-811E-47F55B5ED49A}.Release|Any CPU.ActiveCfg = Release|Any CPU
		{0C29FB8D-5F2E-4AC4-811E-47F55B5ED49A}.Release|Any CPU.Build.0 = Release|Any CPU
		{C7BB3B02-7EA1-45F6-A878-3BD62D65FEDD}.Debug|Any CPU.ActiveCfg = Debug|Any CPU
		{C7BB3B02-7EA1-45F6-A878-3BD62D65FEDD}.Debug|Any CPU.Build.0 = Debug|Any CPU
		{C7BB3B02-7EA1-45F6-A878-3BD62D65FEDD}.Release|Any CPU.ActiveCfg = Release|Any CPU
		{C7BB3B02-7EA1-45F6-A878-3BD62D65FEDD}.Release|Any CPU.Build.0 = Release|Any CPU
		{9BB0E7AD-F624-4870-B0B2-398DBF973D6B}.Debug|Any CPU.ActiveCfg = Debug|Any CPU
		{9BB0E7AD-F624-4870-B0B2-398DBF973D6B}.Debug|Any CPU.Build.0 = Debug|Any CPU
		{9BB0E7AD-F624-4870-B0B2-398DBF973D6B}.Release|Any CPU.ActiveCfg = Release|Any CPU
		{9BB0E7AD-F624-4870-B0B2-398DBF973D6B}.Release|Any CPU.Build.0 = Release|Any CPU
		{5F799CE6-F541-437A-AF7A-F58666E8EF3E}.Debug|Any CPU.ActiveCfg = Debug|Any CPU
		{5F799CE6-F541-437A-AF7A-F58666E8EF3E}.Debug|Any CPU.Build.0 = Debug|Any CPU
		{5F799CE6-F541-437A-AF7A-F58666E8EF3E}.Release|Any CPU.ActiveCfg = Release|Any CPU
		{5F799CE6-F541-437A-AF7A-F58666E8EF3E}.Release|Any CPU.Build.0 = Release|Any CPU
	EndGlobalSection
	GlobalSection(SolutionProperties) = preSolution
		HideSolutionNode = FALSE
	EndGlobalSection
	GlobalSection(ExtensibilityGlobals) = postSolution
		SolutionGuid = {0F5072E5-63B4-4126-B261-6DF379CC7DD9}
	EndGlobalSection
EndGlobal
