
Microsoft Visual Studio Solution File, Format Version 12.00
# Visual Studio Version 16
VisualStudioVersion = 16.0.31911.196
MinimumVisualStudioVersion = 10.0.40219.1
Project("{9A19103F-16F7-4668-BE54-9A1E7A4F7556}") = "01. Sum Adjacent Equal Numbers", "01. Sum Adjacent Equal Numbers\01. Sum Adjacent Equal Numbers.csproj", "{842FD6EC-3291-4A40-BD31-BB2380A0004B}"
EndProject
Project("{9A19103F-16F7-4668-BE54-9A1E7A4F7556}") = "02. Gauss' Trick", "02. Gauss' Trick\02. Gauss' Trick.csproj", "{F827C0DF-E400-40C5-A3F0-57DBAFDCE33D}"
EndProject
Project("{9A19103F-16F7-4668-BE54-9A1E7A4F7556}") = "03. Merging Lists", "03. Merging Lists\03. Merging Lists.csproj", "{121A55F9-E372-40CF-A7E4-425907C64CCF}"
EndProject
Project("{9A19103F-16F7-4668-BE54-9A1E7A4F7556}") = "04. List of Products", "04. List of Products\04. List of Products.csproj", "{2B4F63FF-78D7-41B1-A420-7C186A9C3C9F}"
EndProject
Project("{FAE04EC0-301F-11D3-BF4B-00C04F79EFBC}") = "05. Remove Negatives and Reverse", "05. Remove Negatives and Reverse\05. Remove Negatives and Reverse.csproj", "{B1905ADB-551C-4586-9178-B49402F8F6E6}"
EndProject
Project("{FAE04EC0-301F-11D3-BF4B-00C04F79EFBC}") = "06. List Manipulation Basics", "06. List Manipulation Basics\06. List Manipulation Basics.csproj", "{2DF99F20-F689-46A8-A6F4-0C2CB0CD6010}"
EndProject
Project("{FAE04EC0-301F-11D3-BF4B-00C04F79EFBC}") = "07. List Manipulation Advanced", "07. List Manipulation Advanced\07. List Manipulation Advanced.csproj", "{7D2158DF-BD83-4653-8072-B708D2A0190B}"
EndProject
Global
	GlobalSection(SolutionConfigurationPlatforms) = preSolution
		Debug|Any CPU = Debug|Any CPU
		Release|Any CPU = Release|Any CPU
	EndGlobalSection
	GlobalSection(ProjectConfigurationPlatforms) = postSolution
		{842FD6EC-3291-4A40-BD31-BB2380A0004B}.Debug|Any CPU.ActiveCfg = Debug|Any CPU
		{842FD6EC-3291-4A40-BD31-BB2380A0004B}.Debug|Any CPU.Build.0 = Debug|Any CPU
		{842FD6EC-3291-4A40-BD31-BB2380A0004B}.Release|Any CPU.ActiveCfg = Release|Any CPU
		{842FD6EC-3291-4A40-BD31-BB2380A0004B}.Release|Any CPU.Build.0 = Release|Any CPU
		{F827C0DF-E400-40C5-A3F0-57DBAFDCE33D}.Debug|Any CPU.ActiveCfg = Debug|Any CPU
		{F827C0DF-E400-40C5-A3F0-57DBAFDCE33D}.Debug|Any CPU.Build.0 = Debug|Any CPU
		{F827C0DF-E400-40C5-A3F0-57DBAFDCE33D}.Release|Any CPU.ActiveCfg = Release|Any CPU
		{F827C0DF-E400-40C5-A3F0-57DBAFDCE33D}.Release|Any CPU.Build.0 = Release|Any CPU
		{121A55F9-E372-40CF-A7E4-425907C64CCF}.Debug|Any CPU.ActiveCfg = Debug|Any CPU
		{121A55F9-E372-40CF-A7E4-425907C64CCF}.Debug|Any CPU.Build.0 = Debug|Any CPU
		{121A55F9-E372-40CF-A7E4-425907C64CCF}.Release|Any CPU.ActiveCfg = Release|Any CPU
		{121A55F9-E372-40CF-A7E4-425907C64CCF}.Release|Any CPU.Build.0 = Release|Any CPU
		{2B4F63FF-78D7-41B1-A420-7C186A9C3C9F}.Debug|Any CPU.ActiveCfg = Debug|Any CPU
		{2B4F63FF-78D7-41B1-A420-7C186A9C3C9F}.Debug|Any CPU.Build.0 = Debug|Any CPU
		{2B4F63FF-78D7-41B1-A420-7C186A9C3C9F}.Release|Any CPU.ActiveCfg = Release|Any CPU
		{2B4F63FF-78D7-41B1-A420-7C186A9C3C9F}.Release|Any CPU.Build.0 = Release|Any CPU
		{B1905ADB-551C-4586-9178-B49402F8F6E6}.Debug|Any CPU.ActiveCfg = Debug|Any CPU
		{B1905ADB-551C-4586-9178-B49402F8F6E6}.Debug|Any CPU.Build.0 = Debug|Any CPU
		{B1905ADB-551C-4586-9178-B49402F8F6E6}.Release|Any CPU.ActiveCfg = Release|Any CPU
		{B1905ADB-551C-4586-9178-B49402F8F6E6}.Release|Any CPU.Build.0 = Release|Any CPU
		{2DF99F20-F689-46A8-A6F4-0C2CB0CD6010}.Debug|Any CPU.ActiveCfg = Debug|Any CPU
		{2DF99F20-F689-46A8-A6F4-0C2CB0CD6010}.Debug|Any CPU.Build.0 = Debug|Any CPU
		{2DF99F20-F689-46A8-A6F4-0C2CB0CD6010}.Release|Any CPU.ActiveCfg = Release|Any CPU
		{2DF99F20-F689-46A8-A6F4-0C2CB0CD6010}.Release|Any CPU.Build.0 = Release|Any CPU
		{7D2158DF-BD83-4653-8072-B708D2A0190B}.Debug|Any CPU.ActiveCfg = Debug|Any CPU
		{7D2158DF-BD83-4653-8072-B708D2A0190B}.Debug|Any CPU.Build.0 = Debug|Any CPU
		{7D2158DF-BD83-4653-8072-B708D2A0190B}.Release|Any CPU.ActiveCfg = Release|Any CPU
		{7D2158DF-BD83-4653-8072-B708D2A0190B}.Release|Any CPU.Build.0 = Release|Any CPU
	EndGlobalSection
	GlobalSection(SolutionProperties) = preSolution
		HideSolutionNode = FALSE
	EndGlobalSection
	GlobalSection(ExtensibilityGlobals) = postSolution
		SolutionGuid = {842468DA-7BB6-40AD-A194-DD2DF94A2A69}
	EndGlobalSection
EndGlobal
