
Microsoft Visual Studio Solution File, Format Version 12.00
# Visual Studio Version 16
VisualStudioVersion = 16.0.31911.196
MinimumVisualStudioVersion = 10.0.40219.1
Project("{FAE04EC0-301F-11D3-BF4B-00C04F79EFBC}") = "01. Match Full Name", "01. Match Full Name\01. Match Full Name.csproj", "{5D6F88A7-AD8E-4DE0-B0AA-93D2BC8DA58F}"
EndProject
Project("{FAE04EC0-301F-11D3-BF4B-00C04F79EFBC}") = "02. Match Phone Number", "02. Match Phone Number\02. Match Phone Number.csproj", "{33ED82E7-C555-43A4-94D6-EF84B128F207}"
EndProject
Project("{FAE04EC0-301F-11D3-BF4B-00C04F79EFBC}") = "03. Match Dates", "03. Match Dates\03. Match Dates.csproj", "{57BF9376-E147-43B8-876B-0C1F5681972E}"
EndProject
Global
	GlobalSection(SolutionConfigurationPlatforms) = preSolution
		Debug|Any CPU = Debug|Any CPU
		Release|Any CPU = Release|Any CPU
	EndGlobalSection
	GlobalSection(ProjectConfigurationPlatforms) = postSolution
		{5D6F88A7-AD8E-4DE0-B0AA-93D2BC8DA58F}.Debug|Any CPU.ActiveCfg = Debug|Any CPU
		{5D6F88A7-AD8E-4DE0-B0AA-93D2BC8DA58F}.Debug|Any CPU.Build.0 = Debug|Any CPU
		{5D6F88A7-AD8E-4DE0-B0AA-93D2BC8DA58F}.Release|Any CPU.ActiveCfg = Release|Any CPU
		{5D6F88A7-AD8E-4DE0-B0AA-93D2BC8DA58F}.Release|Any CPU.Build.0 = Release|Any CPU
		{33ED82E7-C555-43A4-94D6-EF84B128F207}.Debug|Any CPU.ActiveCfg = Debug|Any CPU
		{33ED82E7-C555-43A4-94D6-EF84B128F207}.Debug|Any CPU.Build.0 = Debug|Any CPU
		{33ED82E7-C555-43A4-94D6-EF84B128F207}.Release|Any CPU.ActiveCfg = Release|Any CPU
		{33ED82E7-C555-43A4-94D6-EF84B128F207}.Release|Any CPU.Build.0 = Release|Any CPU
		{57BF9376-E147-43B8-876B-0C1F5681972E}.Debug|Any CPU.ActiveCfg = Debug|Any CPU
		{57BF9376-E147-43B8-876B-0C1F5681972E}.Debug|Any CPU.Build.0 = Debug|Any CPU
		{57BF9376-E147-43B8-876B-0C1F5681972E}.Release|Any CPU.ActiveCfg = Release|Any CPU
		{57BF9376-E147-43B8-876B-0C1F5681972E}.Release|Any CPU.Build.0 = Release|Any CPU
	EndGlobalSection
	GlobalSection(SolutionProperties) = preSolution
		HideSolutionNode = FALSE
	EndGlobalSection
	GlobalSection(ExtensibilityGlobals) = postSolution
		SolutionGuid = {C2313755-0D78-4A51-8CE7-706570240B3E}
	EndGlobalSection
EndGlobal
