
Microsoft Visual Studio Solution File, Format Version 12.00
# Visual Studio Version 16
VisualStudioVersion = 16.0.31911.196
MinimumVisualStudioVersion = 10.0.40219.1
Project("{FAE04EC0-301F-11D3-BF4B-00C04F79EFBC}") = "01. Smallest of Three Numbers", "01. Smallest of Three Numbers\01. Smallest of Three Numbers.csproj", "{933FAE02-D0A4-47BE-8134-B750155461DA}"
EndProject
Project("{FAE04EC0-301F-11D3-BF4B-00C04F79EFBC}") = "02. Vowels Count", "02. Vowels Count\02. Vowels Count.csproj", "{BA7B6A8B-1F2C-4E4F-9134-1426E6C0A04F}"
EndProject
Global
	GlobalSection(SolutionConfigurationPlatforms) = preSolution
		Debug|Any CPU = Debug|Any CPU
		Release|Any CPU = Release|Any CPU
	EndGlobalSection
	GlobalSection(ProjectConfigurationPlatforms) = postSolution
		{933FAE02-D0A4-47BE-8134-B750155461DA}.Debug|Any CPU.ActiveCfg = Debug|Any CPU
		{933FAE02-D0A4-47BE-8134-B750155461DA}.Debug|Any CPU.Build.0 = Debug|Any CPU
		{933FAE02-D0A4-47BE-8134-B750155461DA}.Release|Any CPU.ActiveCfg = Release|Any CPU
		{933FAE02-D0A4-47BE-8134-B750155461DA}.Release|Any CPU.Build.0 = Release|Any CPU
		{BA7B6A8B-1F2C-4E4F-9134-1426E6C0A04F}.Debug|Any CPU.ActiveCfg = Debug|Any CPU
		{BA7B6A8B-1F2C-4E4F-9134-1426E6C0A04F}.Debug|Any CPU.Build.0 = Debug|Any CPU
		{BA7B6A8B-1F2C-4E4F-9134-1426E6C0A04F}.Release|Any CPU.ActiveCfg = Release|Any CPU
		{BA7B6A8B-1F2C-4E4F-9134-1426E6C0A04F}.Release|Any CPU.Build.0 = Release|Any CPU
	EndGlobalSection
	GlobalSection(SolutionProperties) = preSolution
		HideSolutionNode = FALSE
	EndGlobalSection
	GlobalSection(ExtensibilityGlobals) = postSolution
		SolutionGuid = {A8EA0007-65D3-428B-8101-9B826BA059BA}
	EndGlobalSection
EndGlobal
