
Microsoft Visual Studio Solution File, Format Version 12.00
# Visual Studio Version 16
VisualStudioVersion = 16.0.31911.196
MinimumVisualStudioVersion = 10.0.40219.1
Project("{9A19103F-16F7-4668-BE54-9A1E7A4F7556}") = "01. Train", "01. Train\01. Train.csproj", "{458024E0-27C4-4BFD-BBD7-A4F7BC32F228}"
EndProject
Project("{FAE04EC0-301F-11D3-BF4B-00C04F79EFBC}") = "02. Change List", "02. Change List\02. Change List.csproj", "{D2EDBA58-92BF-4E8F-A6E2-3164CB4502ED}"
EndProject
Project("{FAE04EC0-301F-11D3-BF4B-00C04F79EFBC}") = "03. House Party", "03. House Party\03. House Party.csproj", "{4A1F4F9B-0391-4D07-A4EA-AB2595228EB7}"
EndProject
Global
	GlobalSection(SolutionConfigurationPlatforms) = preSolution
		Debug|Any CPU = Debug|Any CPU
		Release|Any CPU = Release|Any CPU
	EndGlobalSection
	GlobalSection(ProjectConfigurationPlatforms) = postSolution
		{458024E0-27C4-4BFD-BBD7-A4F7BC32F228}.Debug|Any CPU.ActiveCfg = Debug|Any CPU
		{458024E0-27C4-4BFD-BBD7-A4F7BC32F228}.Debug|Any CPU.Build.0 = Debug|Any CPU
		{458024E0-27C4-4BFD-BBD7-A4F7BC32F228}.Release|Any CPU.ActiveCfg = Release|Any CPU
		{458024E0-27C4-4BFD-BBD7-A4F7BC32F228}.Release|Any CPU.Build.0 = Release|Any CPU
		{D2EDBA58-92BF-4E8F-A6E2-3164CB4502ED}.Debug|Any CPU.ActiveCfg = Debug|Any CPU
		{D2EDBA58-92BF-4E8F-A6E2-3164CB4502ED}.Debug|Any CPU.Build.0 = Debug|Any CPU
		{D2EDBA58-92BF-4E8F-A6E2-3164CB4502ED}.Release|Any CPU.ActiveCfg = Release|Any CPU
		{D2EDBA58-92BF-4E8F-A6E2-3164CB4502ED}.Release|Any CPU.Build.0 = Release|Any CPU
		{4A1F4F9B-0391-4D07-A4EA-AB2595228EB7}.Debug|Any CPU.ActiveCfg = Debug|Any CPU
		{4A1F4F9B-0391-4D07-A4EA-AB2595228EB7}.Debug|Any CPU.Build.0 = Debug|Any CPU
		{4A1F4F9B-0391-4D07-A4EA-AB2595228EB7}.Release|Any CPU.ActiveCfg = Release|Any CPU
		{4A1F4F9B-0391-4D07-A4EA-AB2595228EB7}.Release|Any CPU.Build.0 = Release|Any CPU
	EndGlobalSection
	GlobalSection(SolutionProperties) = preSolution
		HideSolutionNode = FALSE
	EndGlobalSection
	GlobalSection(ExtensibilityGlobals) = postSolution
		SolutionGuid = {C48C8472-EB47-445B-AC65-1BC4EBE66E51}
	EndGlobalSection
EndGlobal
