
Microsoft Visual Studio Solution File, Format Version 12.00
# Visual Studio Version 16
VisualStudioVersion = 16.0.31911.196
MinimumVisualStudioVersion = 10.0.40219.1
Project("{9A19103F-16F7-4668-BE54-9A1E7A4F7556}") = "02. Shopping List", "02. Shopping List\02. Shopping List.csproj", "{088C0D6E-824F-43CD-AD37-557524EDB34A}"
EndProject
Project("{9A19103F-16F7-4668-BE54-9A1E7A4F7556}") = "03. Moving Target", "03. Moving Target\03. Moving Target.csproj", "{CDC7ACC7-EE2C-4E51-81C2-84D80B159899}"
EndProject
Project("{9A19103F-16F7-4668-BE54-9A1E7A4F7556}") = "01. Bonus Scoring System", "01. Bonus Scoring System\01. Bonus Scoring System.csproj", "{D079F24B-1DE5-4FF5-A698-8661AF51F795}"
EndProject
Project("{9A19103F-16F7-4668-BE54-9A1E7A4F7556}") = "01. Black Flag", "01. Black Flag\01. Black Flag.csproj", "{CD92C80F-EFEB-48CC-ABFF-597753B1A009}"
EndProject
Project("{9A19103F-16F7-4668-BE54-9A1E7A4F7556}") = "02. MuOnline", "02. MuOnline\02. MuOnline.csproj", "{1AB39883-EB88-47AB-982E-02F40390F438}"
EndProject
Project("{9A19103F-16F7-4668-BE54-9A1E7A4F7556}") = "01. The Biscuit Factory", "01. The Biscuit Factory\01. The Biscuit Factory.csproj", "{439F2A29-F6AD-47F1-A198-3174698E4F42}"
EndProject
Project("{9A19103F-16F7-4668-BE54-9A1E7A4F7556}") = "03. School Library", "03. School Library\03. School Library.csproj", "{52A40260-39DA-4ED4-8200-ED11C0B147A8}"
EndProject
Global
	GlobalSection(SolutionConfigurationPlatforms) = preSolution
		Debug|Any CPU = Debug|Any CPU
		Release|Any CPU = Release|Any CPU
	EndGlobalSection
	GlobalSection(ProjectConfigurationPlatforms) = postSolution
		{088C0D6E-824F-43CD-AD37-557524EDB34A}.Debug|Any CPU.ActiveCfg = Debug|Any CPU
		{088C0D6E-824F-43CD-AD37-557524EDB34A}.Debug|Any CPU.Build.0 = Debug|Any CPU
		{088C0D6E-824F-43CD-AD37-557524EDB34A}.Release|Any CPU.ActiveCfg = Release|Any CPU
		{088C0D6E-824F-43CD-AD37-557524EDB34A}.Release|Any CPU.Build.0 = Release|Any CPU
		{CDC7ACC7-EE2C-4E51-81C2-84D80B159899}.Debug|Any CPU.ActiveCfg = Debug|Any CPU
		{CDC7ACC7-EE2C-4E51-81C2-84D80B159899}.Debug|Any CPU.Build.0 = Debug|Any CPU
		{CDC7ACC7-EE2C-4E51-81C2-84D80B159899}.Release|Any CPU.ActiveCfg = Release|Any CPU
		{CDC7ACC7-EE2C-4E51-81C2-84D80B159899}.Release|Any CPU.Build.0 = Release|Any CPU
		{D079F24B-1DE5-4FF5-A698-8661AF51F795}.Debug|Any CPU.ActiveCfg = Debug|Any CPU
		{D079F24B-1DE5-4FF5-A698-8661AF51F795}.Debug|Any CPU.Build.0 = Debug|Any CPU
		{D079F24B-1DE5-4FF5-A698-8661AF51F795}.Release|Any CPU.ActiveCfg = Release|Any CPU
		{D079F24B-1DE5-4FF5-A698-8661AF51F795}.Release|Any CPU.Build.0 = Release|Any CPU
		{CD92C80F-EFEB-48CC-ABFF-597753B1A009}.Debug|Any CPU.ActiveCfg = Debug|Any CPU
		{CD92C80F-EFEB-48CC-ABFF-597753B1A009}.Debug|Any CPU.Build.0 = Debug|Any CPU
		{CD92C80F-EFEB-48CC-ABFF-597753B1A009}.Release|Any CPU.ActiveCfg = Release|Any CPU
		{CD92C80F-EFEB-48CC-ABFF-597753B1A009}.Release|Any CPU.Build.0 = Release|Any CPU
		{1AB39883-EB88-47AB-982E-02F40390F438}.Debug|Any CPU.ActiveCfg = Debug|Any CPU
		{1AB39883-EB88-47AB-982E-02F40390F438}.Debug|Any CPU.Build.0 = Debug|Any CPU
		{1AB39883-EB88-47AB-982E-02F40390F438}.Release|Any CPU.ActiveCfg = Release|Any CPU
		{1AB39883-EB88-47AB-982E-02F40390F438}.Release|Any CPU.Build.0 = Release|Any CPU
		{439F2A29-F6AD-47F1-A198-3174698E4F42}.Debug|Any CPU.ActiveCfg = Debug|Any CPU
		{439F2A29-F6AD-47F1-A198-3174698E4F42}.Debug|Any CPU.Build.0 = Debug|Any CPU
		{439F2A29-F6AD-47F1-A198-3174698E4F42}.Release|Any CPU.ActiveCfg = Release|Any CPU
		{439F2A29-F6AD-47F1-A198-3174698E4F42}.Release|Any CPU.Build.0 = Release|Any CPU
		{52A40260-39DA-4ED4-8200-ED11C0B147A8}.Debug|Any CPU.ActiveCfg = Debug|Any CPU
		{52A40260-39DA-4ED4-8200-ED11C0B147A8}.Debug|Any CPU.Build.0 = Debug|Any CPU
		{52A40260-39DA-4ED4-8200-ED11C0B147A8}.Release|Any CPU.ActiveCfg = Release|Any CPU
		{52A40260-39DA-4ED4-8200-ED11C0B147A8}.Release|Any CPU.Build.0 = Release|Any CPU
	EndGlobalSection
	GlobalSection(SolutionProperties) = preSolution
		HideSolutionNode = FALSE
	EndGlobalSection
	GlobalSection(ExtensibilityGlobals) = postSolution
		SolutionGuid = {B4CDF967-6754-4EF0-8ADD-EB8AF3F5402F}
	EndGlobalSection
EndGlobal
