
Microsoft Visual Studio Solution File, Format Version 12.00
# Visual Studio Version 16
VisualStudioVersion = 16.0.31911.196
MinimumVisualStudioVersion = 10.0.40219.1
Project("{FAE04EC0-301F-11D3-BF4B-00C04F79EFBC}") = "01. Train", "01. Train\01. Train.csproj", "{9C257A90-232C-4415-A6C3-C8CEE14E3F6B}"
EndProject
Project("{FAE04EC0-301F-11D3-BF4B-00C04F79EFBC}") = "02. Common Elements", "02. Common Elements\02. Common Elements.csproj", "{151FDF0D-B010-4D4E-977B-A38400877E5D}"
EndProject
Project("{FAE04EC0-301F-11D3-BF4B-00C04F79EFBC}") = "03. Zig-Zag Arrays", "3. Zig-Zag Arrays\03. Zig-Zag Arrays.csproj", "{02EABAF6-37AC-48E1-B724-507E3A335BCB}"
EndProject
Project("{FAE04EC0-301F-11D3-BF4B-00C04F79EFBC}") = "04. Array Rotation", "04. Array Rotation\04. Array Rotation.csproj", "{8B628D14-BA37-46E2-B8F7-11D467FD14A0}"
EndProject
Project("{FAE04EC0-301F-11D3-BF4B-00C04F79EFBC}") = "05. Top Integers", "05. Top Integers\05. Top Integers.csproj", "{F744769F-FED4-460B-BCCF-4383D1704779}"
EndProject
Project("{FAE04EC0-301F-11D3-BF4B-00C04F79EFBC}") = "06. Equal Sum", "06. Equal Sum\06. Equal Sum.csproj", "{D5D5A7D4-D0FE-4F66-9B78-75946B93C942}"
EndProject
Global
	GlobalSection(SolutionConfigurationPlatforms) = preSolution
		Debug|Any CPU = Debug|Any CPU
		Release|Any CPU = Release|Any CPU
	EndGlobalSection
	GlobalSection(ProjectConfigurationPlatforms) = postSolution
		{9C257A90-232C-4415-A6C3-C8CEE14E3F6B}.Debug|Any CPU.ActiveCfg = Debug|Any CPU
		{9C257A90-232C-4415-A6C3-C8CEE14E3F6B}.Debug|Any CPU.Build.0 = Debug|Any CPU
		{9C257A90-232C-4415-A6C3-C8CEE14E3F6B}.Release|Any CPU.ActiveCfg = Release|Any CPU
		{9C257A90-232C-4415-A6C3-C8CEE14E3F6B}.Release|Any CPU.Build.0 = Release|Any CPU
		{151FDF0D-B010-4D4E-977B-A38400877E5D}.Debug|Any CPU.ActiveCfg = Debug|Any CPU
		{151FDF0D-B010-4D4E-977B-A38400877E5D}.Debug|Any CPU.Build.0 = Debug|Any CPU
		{151FDF0D-B010-4D4E-977B-A38400877E5D}.Release|Any CPU.ActiveCfg = Release|Any CPU
		{151FDF0D-B010-4D4E-977B-A38400877E5D}.Release|Any CPU.Build.0 = Release|Any CPU
		{02EABAF6-37AC-48E1-B724-507E3A335BCB}.Debug|Any CPU.ActiveCfg = Debug|Any CPU
		{02EABAF6-37AC-48E1-B724-507E3A335BCB}.Debug|Any CPU.Build.0 = Debug|Any CPU
		{02EABAF6-37AC-48E1-B724-507E3A335BCB}.Release|Any CPU.ActiveCfg = Release|Any CPU
		{02EABAF6-37AC-48E1-B724-507E3A335BCB}.Release|Any CPU.Build.0 = Release|Any CPU
		{8B628D14-BA37-46E2-B8F7-11D467FD14A0}.Debug|Any CPU.ActiveCfg = Debug|Any CPU
		{8B628D14-BA37-46E2-B8F7-11D467FD14A0}.Debug|Any CPU.Build.0 = Debug|Any CPU
		{8B628D14-BA37-46E2-B8F7-11D467FD14A0}.Release|Any CPU.ActiveCfg = Release|Any CPU
		{8B628D14-BA37-46E2-B8F7-11D467FD14A0}.Release|Any CPU.Build.0 = Release|Any CPU
		{F744769F-FED4-460B-BCCF-4383D1704779}.Debug|Any CPU.ActiveCfg = Debug|Any CPU
		{F744769F-FED4-460B-BCCF-4383D1704779}.Debug|Any CPU.Build.0 = Debug|Any CPU
		{F744769F-FED4-460B-BCCF-4383D1704779}.Release|Any CPU.ActiveCfg = Release|Any CPU
		{F744769F-FED4-460B-BCCF-4383D1704779}.Release|Any CPU.Build.0 = Release|Any CPU
		{D5D5A7D4-D0FE-4F66-9B78-75946B93C942}.Debug|Any CPU.ActiveCfg = Debug|Any CPU
		{D5D5A7D4-D0FE-4F66-9B78-75946B93C942}.Debug|Any CPU.Build.0 = Debug|Any CPU
		{D5D5A7D4-D0FE-4F66-9B78-75946B93C942}.Release|Any CPU.ActiveCfg = Release|Any CPU
		{D5D5A7D4-D0FE-4F66-9B78-75946B93C942}.Release|Any CPU.Build.0 = Release|Any CPU
	EndGlobalSection
	GlobalSection(SolutionProperties) = preSolution
		HideSolutionNode = FALSE
	EndGlobalSection
	GlobalSection(ExtensibilityGlobals) = postSolution
		SolutionGuid = {7DE5EBFA-9D31-4EC7-AE46-4B7EE5461768}
	EndGlobalSection
EndGlobal
