
Microsoft Visual Studio Solution File, Format Version 12.00
# Visual Studio Version 16
VisualStudioVersion = 16.0.31911.196
MinimumVisualStudioVersion = 10.0.40219.1
Project("{9A19103F-16F7-4668-BE54-9A1E7A4F7556}") = "01. Day of Week", "1. Day of Week\01. Day of Week.csproj", "{7AF1903E-10C5-401A-B52A-A3FC5B843BBA}"
EndProject
Project("{9A19103F-16F7-4668-BE54-9A1E7A4F7556}") = "02. Print Numbers in Reverse Order", "02. Print Numbers in Reverse Order\02. Print Numbers in Reverse Order.csproj", "{0B73FE74-5889-4132-8D79-CB2156083AD3}"
EndProject
Project("{9A19103F-16F7-4668-BE54-9A1E7A4F7556}") = "03. Rounding Numbers", "03. Rounding Numbers\03. Rounding Numbers.csproj", "{D553683C-0DE9-4A93-97D2-A1C4879C0DA3}"
EndProject
Project("{9A19103F-16F7-4668-BE54-9A1E7A4F7556}") = "04. Reverse Array of Strings", "04. Reverse Array of Strings\04. Reverse Array of Strings.csproj", "{BF18EF97-EF23-49F7-98C4-BC1682A22BD7}"
EndProject
Project("{9A19103F-16F7-4668-BE54-9A1E7A4F7556}") = "05. Sum Even Numbers", "05. Sum Even Numbers\05. Sum Even Numbers.csproj", "{0FF7B18B-DF22-456E-850F-592E489275C0}"
EndProject
Project("{9A19103F-16F7-4668-BE54-9A1E7A4F7556}") = "06. Even and Odd Subtraction", "06. Even and Odd Subtraction\06. Even and Odd Subtraction.csproj", "{1AA2A55C-424B-4597-9146-D33494CDC287}"
EndProject
Project("{9A19103F-16F7-4668-BE54-9A1E7A4F7556}") = "07. Equal Arrays", "07. Equal Arrays\07. Equal Arrays.csproj", "{571B2600-7C48-4CAD-9AEB-D4E5EFDF5F2A}"
EndProject
Project("{9A19103F-16F7-4668-BE54-9A1E7A4F7556}") = "08. Condense Array to Number", "08. Condense Array to Number\08. Condense Array to Number.csproj", "{E5847F78-E3AD-440C-80A9-96D168022583}"
EndProject
Project("{FAE04EC0-301F-11D3-BF4B-00C04F79EFBC}") = "ConsoleApp1", "ConsoleApp1\ConsoleApp1.csproj", "{C7903AB3-E85E-4470-80BA-4C21EC6E100A}"
EndProject
Global
	GlobalSection(SolutionConfigurationPlatforms) = preSolution
		Debug|Any CPU = Debug|Any CPU
		Release|Any CPU = Release|Any CPU
	EndGlobalSection
	GlobalSection(ProjectConfigurationPlatforms) = postSolution
		{7AF1903E-10C5-401A-B52A-A3FC5B843BBA}.Debug|Any CPU.ActiveCfg = Debug|Any CPU
		{7AF1903E-10C5-401A-B52A-A3FC5B843BBA}.Debug|Any CPU.Build.0 = Debug|Any CPU
		{7AF1903E-10C5-401A-B52A-A3FC5B843BBA}.Release|Any CPU.ActiveCfg = Release|Any CPU
		{7AF1903E-10C5-401A-B52A-A3FC5B843BBA}.Release|Any CPU.Build.0 = Release|Any CPU
		{0B73FE74-5889-4132-8D79-CB2156083AD3}.Debug|Any CPU.ActiveCfg = Debug|Any CPU
		{0B73FE74-5889-4132-8D79-CB2156083AD3}.Debug|Any CPU.Build.0 = Debug|Any CPU
		{0B73FE74-5889-4132-8D79-CB2156083AD3}.Release|Any CPU.ActiveCfg = Release|Any CPU
		{0B73FE74-5889-4132-8D79-CB2156083AD3}.Release|Any CPU.Build.0 = Release|Any CPU
		{D553683C-0DE9-4A93-97D2-A1C4879C0DA3}.Debug|Any CPU.ActiveCfg = Debug|Any CPU
		{D553683C-0DE9-4A93-97D2-A1C4879C0DA3}.Debug|Any CPU.Build.0 = Debug|Any CPU
		{D553683C-0DE9-4A93-97D2-A1C4879C0DA3}.Release|Any CPU.ActiveCfg = Release|Any CPU
		{D553683C-0DE9-4A93-97D2-A1C4879C0DA3}.Release|Any CPU.Build.0 = Release|Any CPU
		{BF18EF97-EF23-49F7-98C4-BC1682A22BD7}.Debug|Any CPU.ActiveCfg = Debug|Any CPU
		{BF18EF97-EF23-49F7-98C4-BC1682A22BD7}.Debug|Any CPU.Build.0 = Debug|Any CPU
		{BF18EF97-EF23-49F7-98C4-BC1682A22BD7}.Release|Any CPU.ActiveCfg = Release|Any CPU
		{BF18EF97-EF23-49F7-98C4-BC1682A22BD7}.Release|Any CPU.Build.0 = Release|Any CPU
		{0FF7B18B-DF22-456E-850F-592E489275C0}.Debug|Any CPU.ActiveCfg = Debug|Any CPU
		{0FF7B18B-DF22-456E-850F-592E489275C0}.Debug|Any CPU.Build.0 = Debug|Any CPU
		{0FF7B18B-DF22-456E-850F-592E489275C0}.Release|Any CPU.ActiveCfg = Release|Any CPU
		{0FF7B18B-DF22-456E-850F-592E489275C0}.Release|Any CPU.Build.0 = Release|Any CPU
		{1AA2A55C-424B-4597-9146-D33494CDC287}.Debug|Any CPU.ActiveCfg = Debug|Any CPU
		{1AA2A55C-424B-4597-9146-D33494CDC287}.Debug|Any CPU.Build.0 = Debug|Any CPU
		{1AA2A55C-424B-4597-9146-D33494CDC287}.Release|Any CPU.ActiveCfg = Release|Any CPU
		{1AA2A55C-424B-4597-9146-D33494CDC287}.Release|Any CPU.Build.0 = Release|Any CPU
		{571B2600-7C48-4CAD-9AEB-D4E5EFDF5F2A}.Debug|Any CPU.ActiveCfg = Debug|Any CPU
		{571B2600-7C48-4CAD-9AEB-D4E5EFDF5F2A}.Debug|Any CPU.Build.0 = Debug|Any CPU
		{571B2600-7C48-4CAD-9AEB-D4E5EFDF5F2A}.Release|Any CPU.ActiveCfg = Release|Any CPU
		{571B2600-7C48-4CAD-9AEB-D4E5EFDF5F2A}.Release|Any CPU.Build.0 = Release|Any CPU
		{E5847F78-E3AD-440C-80A9-96D168022583}.Debug|Any CPU.ActiveCfg = Debug|Any CPU
		{E5847F78-E3AD-440C-80A9-96D168022583}.Debug|Any CPU.Build.0 = Debug|Any CPU
		{E5847F78-E3AD-440C-80A9-96D168022583}.Release|Any CPU.ActiveCfg = Release|Any CPU
		{E5847F78-E3AD-440C-80A9-96D168022583}.Release|Any CPU.Build.0 = Release|Any CPU
		{C7903AB3-E85E-4470-80BA-4C21EC6E100A}.Debug|Any CPU.ActiveCfg = Debug|Any CPU
		{C7903AB3-E85E-4470-80BA-4C21EC6E100A}.Debug|Any CPU.Build.0 = Debug|Any CPU
		{C7903AB3-E85E-4470-80BA-4C21EC6E100A}.Release|Any CPU.ActiveCfg = Release|Any CPU
		{C7903AB3-E85E-4470-80BA-4C21EC6E100A}.Release|Any CPU.Build.0 = Release|Any CPU
	EndGlobalSection
	GlobalSection(SolutionProperties) = preSolution
		HideSolutionNode = FALSE
	EndGlobalSection
	GlobalSection(ExtensibilityGlobals) = postSolution
		SolutionGuid = {FA238AC2-AB34-4839-9F67-B08386B258EF}
	EndGlobalSection
EndGlobal
